
Microsoft Visual Studio Solution File, Format Version 12.00
# Visual Studio Version 16
VisualStudioVersion = 16.0.30621.155
MinimumVisualStudioVersion = 10.0.40219.1
Project("{9A19103F-16F7-4668-BE54-9A1E7A4F7556}") = "Array_Csharp_1laba", "Array_Csharp_1laba\Array_Csharp_1laba.csproj", "{D08B4346-02DF-476C-914D-98A4BF8A36D9}"
EndProject
Project("{FAE04EC0-301F-11D3-BF4B-00C04F79EFBC}") = "TestsForMap", "TestsForMap\TestsForMap.csproj", "{A9D85E01-99CF-4C70-90DC-56C73C1B5914}"
EndProject
Global
	GlobalSection(SolutionConfigurationPlatforms) = preSolution
		Debug|Any CPU = Debug|Any CPU
		Release|Any CPU = Release|Any CPU
	EndGlobalSection
	GlobalSection(ProjectConfigurationPlatforms) = postSolution
		{D08B4346-02DF-476C-914D-98A4BF8A36D9}.Debug|Any CPU.ActiveCfg = Debug|Any CPU
		{D08B4346-02DF-476C-914D-98A4BF8A36D9}.Debug|Any CPU.Build.0 = Debug|Any CPU
		{D08B4346-02DF-476C-914D-98A4BF8A36D9}.Release|Any CPU.ActiveCfg = Release|Any CPU
		{D08B4346-02DF-476C-914D-98A4BF8A36D9}.Release|Any CPU.Build.0 = Release|Any CPU
		{A9D85E01-99CF-4C70-90DC-56C73C1B5914}.Debug|Any CPU.ActiveCfg = Debug|Any CPU
		{A9D85E01-99CF-4C70-90DC-56C73C1B5914}.Debug|Any CPU.Build.0 = Debug|Any CPU
		{A9D85E01-99CF-4C70-90DC-56C73C1B5914}.Release|Any CPU.ActiveCfg = Release|Any CPU
		{A9D85E01-99CF-4C70-90DC-56C73C1B5914}.Release|Any CPU.Build.0 = Release|Any CPU
	EndGlobalSection
	GlobalSection(SolutionProperties) = preSolution
		HideSolutionNode = FALSE
	EndGlobalSection
	GlobalSection(ExtensibilityGlobals) = postSolution
		SolutionGuid = {8B42C972-FDA6-4FD7-8DA4-599E2505FA73}
	EndGlobalSection
EndGlobal
